
Microsoft Visual Studio Solution File, Format Version 12.00
# Visual Studio 15
VisualStudioVersion = 15.0.28307.1758
MinimumVisualStudioVersion = 10.0.40219.1
Project("{8BC9CEB8-8B4A-11D0-8D11-00A0C91BC942}") = "stereoCPP", "stereoCPP\stereoCPP.vcxproj", "{5DAFE5E8-A74A-4419-A5F3-17B9E5A223AE}"
EndProject
Global
	GlobalSection(SolutionConfigurationPlatforms) = preSolution
		Debug|x64 = Debug|x64
		Debug|x86 = Debug|x86
		Release|x64 = Release|x64
		Release|x86 = Release|x86
	EndGlobalSection
	GlobalSection(ProjectConfigurationPlatforms) = postSolution
		{5DAFE5E8-A74A-4419-A5F3-17B9E5A223AE}.Debug|x64.ActiveCfg = Debug|x64
		{5DAFE5E8-A74A-4419-A5F3-17B9E5A223AE}.Debug|x64.Build.0 = Debug|x64
		{5DAFE5E8-A74A-4419-A5F3-17B9E5A223AE}.Debug|x86.ActiveCfg = Debug|Win32
		{5DAFE5E8-A74A-4419-A5F3-17B9E5A223AE}.Debug|x86.Build.0 = Debug|Win32
		{5DAFE5E8-A74A-4419-A5F3-17B9E5A223AE}.Release|x64.ActiveCfg = Release|x64
		{5DAFE5E8-A74A-4419-A5F3-17B9E5A223AE}.Release|x64.Build.0 = Release|x64
		{5DAFE5E8-A74A-4419-A5F3-17B9E5A223AE}.Release|x86.ActiveCfg = Release|Win32
		{5DAFE5E8-A74A-4419-A5F3-17B9E5A223AE}.Release|x86.Build.0 = Release|Win32
	EndGlobalSection
	GlobalSection(SolutionProperties) = preSolution
		HideSolutionNode = FALSE
	EndGlobalSection
	GlobalSection(ExtensibilityGlobals) = postSolution
		SolutionGuid = {FDE50C56-48F2-43E3-8568-AEEE49989503}
	EndGlobalSection
EndGlobal
